
Microsoft Visual Studio Solution File, Format Version 12.00
# Visual Studio Version 16
VisualStudioVersion = 16.0.30717.126
MinimumVisualStudioVersion = 10.0.40219.1
Project("{FAE04EC0-301F-11D3-BF4B-00C04F79EFBC}") = "StartDust.Blazor.CasparCGClient", "StartDust.Blazor.CasparCGClient\StartDust.Blazor.CasparCGClient.csproj", "{BBFF567F-C91A-4EC1-B806-A698FA891D72}"
EndProject
Global
	GlobalSection(SolutionConfigurationPlatforms) = preSolution
		Debug|Any CPU = Debug|Any CPU
		Release|Any CPU = Release|Any CPU
	EndGlobalSection
	GlobalSection(ProjectConfigurationPlatforms) = postSolution
		{BBFF567F-C91A-4EC1-B806-A698FA891D72}.Debug|Any CPU.ActiveCfg = Debug|Any CPU
		{BBFF567F-C91A-4EC1-B806-A698FA891D72}.Debug|Any CPU.Build.0 = Debug|Any CPU
		{BBFF567F-C91A-4EC1-B806-A698FA891D72}.Release|Any CPU.ActiveCfg = Release|Any CPU
		{BBFF567F-C91A-4EC1-B806-A698FA891D72}.Release|Any CPU.Build.0 = Release|Any CPU
	EndGlobalSection
	GlobalSection(SolutionProperties) = preSolution
		HideSolutionNode = FALSE
	EndGlobalSection
	GlobalSection(ExtensibilityGlobals) = postSolution
		SolutionGuid = {84235F30-D4D8-4F17-B053-5C6A04CE9FCD}
	EndGlobalSection
EndGlobal
