
Microsoft Visual Studio Solution File, Format Version 12.00
# Visual Studio 15
VisualStudioVersion = 15.0.26124.0
MinimumVisualStudioVersion = 15.0.26124.0
Project("{2150E333-8FDC-42A3-9474-1A3956D46DE8}") = "Server", "Server", "{9D4ED182-04A8-4C22-881C-7482CD81D61B}"
EndProject
Project("{FAE04EC0-301F-11D3-BF4B-00C04F79EFBC}") = "InputSlotApi", "Server\InputSlotApi\InputSlotApi.csproj", "{7F4ED85F-1C53-4559-8F80-20CD3741D09B}"
EndProject
Project("{FAE04EC0-301F-11D3-BF4B-00C04F79EFBC}") = "ScheduleEngine", "Server\ScheduleEngine\ScheduleEngine.csproj", "{075CFF89-35F5-4CA5-920A-6E257C2A5CAC}"
EndProject
Project("{2150E333-8FDC-42A3-9474-1A3956D46DE8}") = "Shared", "Shared", "{A38BF2AE-E29F-4B48-8169-ACA64A190BD7}"
EndProject
Project("{FAE04EC0-301F-11D3-BF4B-00C04F79EFBC}") = "Crosscutting", "Shared\Crosscutting\Crosscutting.csproj", "{AA29BF22-EEA6-4FB5-878B-0F0529892EC3}"
EndProject
Global
	GlobalSection(SolutionConfigurationPlatforms) = preSolution
		Debug|Any CPU = Debug|Any CPU
		Debug|x64 = Debug|x64
		Debug|x86 = Debug|x86
		Release|Any CPU = Release|Any CPU
		Release|x64 = Release|x64
		Release|x86 = Release|x86
	EndGlobalSection
	GlobalSection(SolutionProperties) = preSolution
		HideSolutionNode = FALSE
	EndGlobalSection
	GlobalSection(ProjectConfigurationPlatforms) = postSolution
		{7F4ED85F-1C53-4559-8F80-20CD3741D09B}.Debug|Any CPU.ActiveCfg = Debug|Any CPU
		{7F4ED85F-1C53-4559-8F80-20CD3741D09B}.Debug|Any CPU.Build.0 = Debug|Any CPU
		{7F4ED85F-1C53-4559-8F80-20CD3741D09B}.Debug|x64.ActiveCfg = Debug|Any CPU
		{7F4ED85F-1C53-4559-8F80-20CD3741D09B}.Debug|x64.Build.0 = Debug|Any CPU
		{7F4ED85F-1C53-4559-8F80-20CD3741D09B}.Debug|x86.ActiveCfg = Debug|Any CPU
		{7F4ED85F-1C53-4559-8F80-20CD3741D09B}.Debug|x86.Build.0 = Debug|Any CPU
		{7F4ED85F-1C53-4559-8F80-20CD3741D09B}.Release|Any CPU.ActiveCfg = Release|Any CPU
		{7F4ED85F-1C53-4559-8F80-20CD3741D09B}.Release|Any CPU.Build.0 = Release|Any CPU
		{7F4ED85F-1C53-4559-8F80-20CD3741D09B}.Release|x64.ActiveCfg = Release|Any CPU
		{7F4ED85F-1C53-4559-8F80-20CD3741D09B}.Release|x64.Build.0 = Release|Any CPU
		{7F4ED85F-1C53-4559-8F80-20CD3741D09B}.Release|x86.ActiveCfg = Release|Any CPU
		{7F4ED85F-1C53-4559-8F80-20CD3741D09B}.Release|x86.Build.0 = Release|Any CPU
		{075CFF89-35F5-4CA5-920A-6E257C2A5CAC}.Debug|Any CPU.ActiveCfg = Debug|Any CPU
		{075CFF89-35F5-4CA5-920A-6E257C2A5CAC}.Debug|Any CPU.Build.0 = Debug|Any CPU
		{075CFF89-35F5-4CA5-920A-6E257C2A5CAC}.Debug|x64.ActiveCfg = Debug|Any CPU
		{075CFF89-35F5-4CA5-920A-6E257C2A5CAC}.Debug|x64.Build.0 = Debug|Any CPU
		{075CFF89-35F5-4CA5-920A-6E257C2A5CAC}.Debug|x86.ActiveCfg = Debug|Any CPU
		{075CFF89-35F5-4CA5-920A-6E257C2A5CAC}.Debug|x86.Build.0 = Debug|Any CPU
		{075CFF89-35F5-4CA5-920A-6E257C2A5CAC}.Release|Any CPU.ActiveCfg = Release|Any CPU
		{075CFF89-35F5-4CA5-920A-6E257C2A5CAC}.Release|Any CPU.Build.0 = Release|Any CPU
		{075CFF89-35F5-4CA5-920A-6E257C2A5CAC}.Release|x64.ActiveCfg = Release|Any CPU
		{075CFF89-35F5-4CA5-920A-6E257C2A5CAC}.Release|x64.Build.0 = Release|Any CPU
		{075CFF89-35F5-4CA5-920A-6E257C2A5CAC}.Release|x86.ActiveCfg = Release|Any CPU
		{075CFF89-35F5-4CA5-920A-6E257C2A5CAC}.Release|x86.Build.0 = Release|Any CPU
		{AA29BF22-EEA6-4FB5-878B-0F0529892EC3}.Debug|Any CPU.ActiveCfg = Debug|Any CPU
		{AA29BF22-EEA6-4FB5-878B-0F0529892EC3}.Debug|Any CPU.Build.0 = Debug|Any CPU
		{AA29BF22-EEA6-4FB5-878B-0F0529892EC3}.Debug|x64.ActiveCfg = Debug|Any CPU
		{AA29BF22-EEA6-4FB5-878B-0F0529892EC3}.Debug|x64.Build.0 = Debug|Any CPU
		{AA29BF22-EEA6-4FB5-878B-0F0529892EC3}.Debug|x86.ActiveCfg = Debug|Any CPU
		{AA29BF22-EEA6-4FB5-878B-0F0529892EC3}.Debug|x86.Build.0 = Debug|Any CPU
		{AA29BF22-EEA6-4FB5-878B-0F0529892EC3}.Release|Any CPU.ActiveCfg = Release|Any CPU
		{AA29BF22-EEA6-4FB5-878B-0F0529892EC3}.Release|Any CPU.Build.0 = Release|Any CPU
		{AA29BF22-EEA6-4FB5-878B-0F0529892EC3}.Release|x64.ActiveCfg = Release|Any CPU
		{AA29BF22-EEA6-4FB5-878B-0F0529892EC3}.Release|x64.Build.0 = Release|Any CPU
		{AA29BF22-EEA6-4FB5-878B-0F0529892EC3}.Release|x86.ActiveCfg = Release|Any CPU
		{AA29BF22-EEA6-4FB5-878B-0F0529892EC3}.Release|x86.Build.0 = Release|Any CPU
	EndGlobalSection
	GlobalSection(NestedProjects) = preSolution
		{7F4ED85F-1C53-4559-8F80-20CD3741D09B} = {9D4ED182-04A8-4C22-881C-7482CD81D61B}
		{075CFF89-35F5-4CA5-920A-6E257C2A5CAC} = {9D4ED182-04A8-4C22-881C-7482CD81D61B}
		{AA29BF22-EEA6-4FB5-878B-0F0529892EC3} = {A38BF2AE-E29F-4B48-8169-ACA64A190BD7}
	EndGlobalSection
EndGlobal
