
Microsoft Visual Studio Solution File, Format Version 12.00
# Visual Studio Version 16
VisualStudioVersion = 16.0.30717.126
MinimumVisualStudioVersion = 15.0.26124.0
Project("{2150E333-8FDC-42A3-9474-1A3956D46DE8}") = "Server", "Server", "{9D4ED182-04A8-4C22-881C-7482CD81D61B}"
EndProject
Project("{2150E333-8FDC-42A3-9474-1A3956D46DE8}") = "Shared", "Shared", "{A38BF2AE-E29F-4B48-8169-ACA64A190BD7}"
EndProject
Project("{9A19103F-16F7-4668-BE54-9A1E7A4F7556}") = "Stardust.Flux.Crosscutting", "Shared\Crosscutting\Stardust.Flux.Crosscutting.csproj", "{AA29BF22-EEA6-4FB5-878B-0F0529892EC3}"
EndProject
Project("{9A19103F-16F7-4668-BE54-9A1E7A4F7556}") = "Stardust.Flux.Contract", "Shared\Contracts\Stardust.Flux.Contract.csproj", "{B020478E-CD0E-4171-9D03-1101FE85D51A}"
EndProject
Project("{2150E333-8FDC-42A3-9474-1A3956D46DE8}") = "Solution Items", "Solution Items", "{A4A9FE0D-2480-4B8B-B527-A751E5DDF250}"
	ProjectSection(SolutionItems) = preProject
		project.json = project.json
		readme.md = readme.md
	EndProjectSection
EndProject
Project("{2150E333-8FDC-42A3-9474-1A3956D46DE8}") = "Client", "Client", "{176D4504-D0A5-4297-BA80-B2EE567BCC06}"
EndProject
Project("{9A19103F-16F7-4668-BE54-9A1E7A4F7556}") = "Stardust.Flux.Client.Services", "Client\Stardust.Flux.Client.Services\Stardust.Flux.Client.Services.csproj", "{2B77D8D6-02D2-4E1A-AFA1-CCC5346B859F}"
EndProject
Project("{2150E333-8FDC-42A3-9474-1A3956D46DE8}") = "Infrastructure", "Infrastructure", "{F0075A2E-9AAB-437B-BF14-F94AC0C040FB}"
EndProject
Project("{9A19103F-16F7-4668-BE54-9A1E7A4F7556}") = "Stardust.Flux.Server", "Server\Stardust.Flux.Server\Stardust.Flux.Server.csproj", "{7D4A7DD1-5C23-43DE-AE17-77F50B0E5D11}"
EndProject
Project("{9A19103F-16F7-4668-BE54-9A1E7A4F7556}") = "Stardust.Flux.DataAccess", "Infrastructure\Stardust.Flux.DataAccess\Stardust.Flux.DataAccess.csproj", "{4BF9D5A9-8767-43C7-8530-7D0846738A40}"
EndProject
Project("{9A19103F-16F7-4668-BE54-9A1E7A4F7556}") = "Stardust.Flux.ObsController", "Server\Stardust.Flux.ObsController\Stardust.Flux.ObsController.csproj", "{C570DDD5-0DE6-4632-9034-E1B71F29929D}"
EndProject
Project("{9A19103F-16F7-4668-BE54-9A1E7A4F7556}") = "Stardust.Flux.Client", "Client\Stardust.Flux.Client\Stardust.Flux.Client.csproj", "{10592C36-FE07-4D95-BD0E-BAC3EF421400}"
EndProject
Global
	GlobalSection(SolutionConfigurationPlatforms) = preSolution
		Debug|Any CPU = Debug|Any CPU
		Debug|x64 = Debug|x64
		Debug|x86 = Debug|x86
		Release|Any CPU = Release|Any CPU
		Release|x64 = Release|x64
		Release|x86 = Release|x86
	EndGlobalSection
	GlobalSection(ProjectConfigurationPlatforms) = postSolution
		{AA29BF22-EEA6-4FB5-878B-0F0529892EC3}.Debug|Any CPU.ActiveCfg = Debug|Any CPU
		{AA29BF22-EEA6-4FB5-878B-0F0529892EC3}.Debug|Any CPU.Build.0 = Debug|Any CPU
		{AA29BF22-EEA6-4FB5-878B-0F0529892EC3}.Debug|x64.ActiveCfg = Debug|Any CPU
		{AA29BF22-EEA6-4FB5-878B-0F0529892EC3}.Debug|x64.Build.0 = Debug|Any CPU
		{AA29BF22-EEA6-4FB5-878B-0F0529892EC3}.Debug|x86.ActiveCfg = Debug|Any CPU
		{AA29BF22-EEA6-4FB5-878B-0F0529892EC3}.Debug|x86.Build.0 = Debug|Any CPU
		{AA29BF22-EEA6-4FB5-878B-0F0529892EC3}.Release|Any CPU.ActiveCfg = Release|Any CPU
		{AA29BF22-EEA6-4FB5-878B-0F0529892EC3}.Release|Any CPU.Build.0 = Release|Any CPU
		{AA29BF22-EEA6-4FB5-878B-0F0529892EC3}.Release|x64.ActiveCfg = Release|Any CPU
		{AA29BF22-EEA6-4FB5-878B-0F0529892EC3}.Release|x64.Build.0 = Release|Any CPU
		{AA29BF22-EEA6-4FB5-878B-0F0529892EC3}.Release|x86.ActiveCfg = Release|Any CPU
		{AA29BF22-EEA6-4FB5-878B-0F0529892EC3}.Release|x86.Build.0 = Release|Any CPU
		{B020478E-CD0E-4171-9D03-1101FE85D51A}.Debug|Any CPU.ActiveCfg = Debug|Any CPU
		{B020478E-CD0E-4171-9D03-1101FE85D51A}.Debug|Any CPU.Build.0 = Debug|Any CPU
		{B020478E-CD0E-4171-9D03-1101FE85D51A}.Debug|x64.ActiveCfg = Debug|Any CPU
		{B020478E-CD0E-4171-9D03-1101FE85D51A}.Debug|x64.Build.0 = Debug|Any CPU
		{B020478E-CD0E-4171-9D03-1101FE85D51A}.Debug|x86.ActiveCfg = Debug|Any CPU
		{B020478E-CD0E-4171-9D03-1101FE85D51A}.Debug|x86.Build.0 = Debug|Any CPU
		{B020478E-CD0E-4171-9D03-1101FE85D51A}.Release|Any CPU.ActiveCfg = Release|Any CPU
		{B020478E-CD0E-4171-9D03-1101FE85D51A}.Release|Any CPU.Build.0 = Release|Any CPU
		{B020478E-CD0E-4171-9D03-1101FE85D51A}.Release|x64.ActiveCfg = Release|Any CPU
		{B020478E-CD0E-4171-9D03-1101FE85D51A}.Release|x64.Build.0 = Release|Any CPU
		{B020478E-CD0E-4171-9D03-1101FE85D51A}.Release|x86.ActiveCfg = Release|Any CPU
		{B020478E-CD0E-4171-9D03-1101FE85D51A}.Release|x86.Build.0 = Release|Any CPU
		{2B77D8D6-02D2-4E1A-AFA1-CCC5346B859F}.Debug|Any CPU.ActiveCfg = Debug|Any CPU
		{2B77D8D6-02D2-4E1A-AFA1-CCC5346B859F}.Debug|Any CPU.Build.0 = Debug|Any CPU
		{2B77D8D6-02D2-4E1A-AFA1-CCC5346B859F}.Debug|x64.ActiveCfg = Debug|Any CPU
		{2B77D8D6-02D2-4E1A-AFA1-CCC5346B859F}.Debug|x64.Build.0 = Debug|Any CPU
		{2B77D8D6-02D2-4E1A-AFA1-CCC5346B859F}.Debug|x86.ActiveCfg = Debug|Any CPU
		{2B77D8D6-02D2-4E1A-AFA1-CCC5346B859F}.Debug|x86.Build.0 = Debug|Any CPU
		{2B77D8D6-02D2-4E1A-AFA1-CCC5346B859F}.Release|Any CPU.ActiveCfg = Release|Any CPU
		{2B77D8D6-02D2-4E1A-AFA1-CCC5346B859F}.Release|Any CPU.Build.0 = Release|Any CPU
		{2B77D8D6-02D2-4E1A-AFA1-CCC5346B859F}.Release|x64.ActiveCfg = Release|Any CPU
		{2B77D8D6-02D2-4E1A-AFA1-CCC5346B859F}.Release|x64.Build.0 = Release|Any CPU
		{2B77D8D6-02D2-4E1A-AFA1-CCC5346B859F}.Release|x86.ActiveCfg = Release|Any CPU
		{2B77D8D6-02D2-4E1A-AFA1-CCC5346B859F}.Release|x86.Build.0 = Release|Any CPU
		{7D4A7DD1-5C23-43DE-AE17-77F50B0E5D11}.Debug|Any CPU.ActiveCfg = Debug|Any CPU
		{7D4A7DD1-5C23-43DE-AE17-77F50B0E5D11}.Debug|Any CPU.Build.0 = Debug|Any CPU
		{7D4A7DD1-5C23-43DE-AE17-77F50B0E5D11}.Debug|x64.ActiveCfg = Debug|Any CPU
		{7D4A7DD1-5C23-43DE-AE17-77F50B0E5D11}.Debug|x64.Build.0 = Debug|Any CPU
		{7D4A7DD1-5C23-43DE-AE17-77F50B0E5D11}.Debug|x86.ActiveCfg = Debug|Any CPU
		{7D4A7DD1-5C23-43DE-AE17-77F50B0E5D11}.Debug|x86.Build.0 = Debug|Any CPU
		{7D4A7DD1-5C23-43DE-AE17-77F50B0E5D11}.Release|Any CPU.ActiveCfg = Release|Any CPU
		{7D4A7DD1-5C23-43DE-AE17-77F50B0E5D11}.Release|Any CPU.Build.0 = Release|Any CPU
		{7D4A7DD1-5C23-43DE-AE17-77F50B0E5D11}.Release|x64.ActiveCfg = Release|Any CPU
		{7D4A7DD1-5C23-43DE-AE17-77F50B0E5D11}.Release|x64.Build.0 = Release|Any CPU
		{7D4A7DD1-5C23-43DE-AE17-77F50B0E5D11}.Release|x86.ActiveCfg = Release|Any CPU
		{7D4A7DD1-5C23-43DE-AE17-77F50B0E5D11}.Release|x86.Build.0 = Release|Any CPU
		{4BF9D5A9-8767-43C7-8530-7D0846738A40}.Debug|Any CPU.ActiveCfg = Debug|Any CPU
		{4BF9D5A9-8767-43C7-8530-7D0846738A40}.Debug|Any CPU.Build.0 = Debug|Any CPU
		{4BF9D5A9-8767-43C7-8530-7D0846738A40}.Debug|x64.ActiveCfg = Debug|Any CPU
		{4BF9D5A9-8767-43C7-8530-7D0846738A40}.Debug|x64.Build.0 = Debug|Any CPU
		{4BF9D5A9-8767-43C7-8530-7D0846738A40}.Debug|x86.ActiveCfg = Debug|Any CPU
		{4BF9D5A9-8767-43C7-8530-7D0846738A40}.Debug|x86.Build.0 = Debug|Any CPU
		{4BF9D5A9-8767-43C7-8530-7D0846738A40}.Release|Any CPU.ActiveCfg = Release|Any CPU
		{4BF9D5A9-8767-43C7-8530-7D0846738A40}.Release|Any CPU.Build.0 = Release|Any CPU
		{4BF9D5A9-8767-43C7-8530-7D0846738A40}.Release|x64.ActiveCfg = Release|Any CPU
		{4BF9D5A9-8767-43C7-8530-7D0846738A40}.Release|x64.Build.0 = Release|Any CPU
		{4BF9D5A9-8767-43C7-8530-7D0846738A40}.Release|x86.ActiveCfg = Release|Any CPU
		{4BF9D5A9-8767-43C7-8530-7D0846738A40}.Release|x86.Build.0 = Release|Any CPU
		{C570DDD5-0DE6-4632-9034-E1B71F29929D}.Debug|Any CPU.ActiveCfg = Debug|Any CPU
		{C570DDD5-0DE6-4632-9034-E1B71F29929D}.Debug|Any CPU.Build.0 = Debug|Any CPU
		{C570DDD5-0DE6-4632-9034-E1B71F29929D}.Debug|x64.ActiveCfg = Debug|Any CPU
		{C570DDD5-0DE6-4632-9034-E1B71F29929D}.Debug|x64.Build.0 = Debug|Any CPU
		{C570DDD5-0DE6-4632-9034-E1B71F29929D}.Debug|x86.ActiveCfg = Debug|Any CPU
		{C570DDD5-0DE6-4632-9034-E1B71F29929D}.Debug|x86.Build.0 = Debug|Any CPU
		{C570DDD5-0DE6-4632-9034-E1B71F29929D}.Release|Any CPU.ActiveCfg = Release|Any CPU
		{C570DDD5-0DE6-4632-9034-E1B71F29929D}.Release|Any CPU.Build.0 = Release|Any CPU
		{C570DDD5-0DE6-4632-9034-E1B71F29929D}.Release|x64.ActiveCfg = Release|Any CPU
		{C570DDD5-0DE6-4632-9034-E1B71F29929D}.Release|x64.Build.0 = Release|Any CPU
		{C570DDD5-0DE6-4632-9034-E1B71F29929D}.Release|x86.ActiveCfg = Release|Any CPU
		{C570DDD5-0DE6-4632-9034-E1B71F29929D}.Release|x86.Build.0 = Release|Any CPU
		{10592C36-FE07-4D95-BD0E-BAC3EF421400}.Debug|Any CPU.ActiveCfg = Debug|Any CPU
		{10592C36-FE07-4D95-BD0E-BAC3EF421400}.Debug|Any CPU.Build.0 = Debug|Any CPU
		{10592C36-FE07-4D95-BD0E-BAC3EF421400}.Debug|x64.ActiveCfg = Debug|Any CPU
		{10592C36-FE07-4D95-BD0E-BAC3EF421400}.Debug|x64.Build.0 = Debug|Any CPU
		{10592C36-FE07-4D95-BD0E-BAC3EF421400}.Debug|x86.ActiveCfg = Debug|Any CPU
		{10592C36-FE07-4D95-BD0E-BAC3EF421400}.Debug|x86.Build.0 = Debug|Any CPU
		{10592C36-FE07-4D95-BD0E-BAC3EF421400}.Release|Any CPU.ActiveCfg = Release|Any CPU
		{10592C36-FE07-4D95-BD0E-BAC3EF421400}.Release|Any CPU.Build.0 = Release|Any CPU
		{10592C36-FE07-4D95-BD0E-BAC3EF421400}.Release|x64.ActiveCfg = Release|Any CPU
		{10592C36-FE07-4D95-BD0E-BAC3EF421400}.Release|x64.Build.0 = Release|Any CPU
		{10592C36-FE07-4D95-BD0E-BAC3EF421400}.Release|x86.ActiveCfg = Release|Any CPU
		{10592C36-FE07-4D95-BD0E-BAC3EF421400}.Release|x86.Build.0 = Release|Any CPU
	EndGlobalSection
	GlobalSection(SolutionProperties) = preSolution
		HideSolutionNode = FALSE
	EndGlobalSection
	GlobalSection(NestedProjects) = preSolution
		{AA29BF22-EEA6-4FB5-878B-0F0529892EC3} = {A38BF2AE-E29F-4B48-8169-ACA64A190BD7}
		{B020478E-CD0E-4171-9D03-1101FE85D51A} = {A38BF2AE-E29F-4B48-8169-ACA64A190BD7}
		{2B77D8D6-02D2-4E1A-AFA1-CCC5346B859F} = {176D4504-D0A5-4297-BA80-B2EE567BCC06}
		{7D4A7DD1-5C23-43DE-AE17-77F50B0E5D11} = {9D4ED182-04A8-4C22-881C-7482CD81D61B}
		{4BF9D5A9-8767-43C7-8530-7D0846738A40} = {F0075A2E-9AAB-437B-BF14-F94AC0C040FB}
		{C570DDD5-0DE6-4632-9034-E1B71F29929D} = {9D4ED182-04A8-4C22-881C-7482CD81D61B}
		{10592C36-FE07-4D95-BD0E-BAC3EF421400} = {176D4504-D0A5-4297-BA80-B2EE567BCC06}
	EndGlobalSection
	GlobalSection(ExtensibilityGlobals) = postSolution
		SolutionGuid = {89229574-1CE7-4D47-8586-3E3EC8059E6B}
	EndGlobalSection
EndGlobal
